
Microsoft Visual Studio Solution File, Format Version 12.00
# Visual Studio Version 16
VisualStudioVersion = 16.0.31702.278
MinimumVisualStudioVersion = 10.0.40219.1
Project("{FAE04EC0-301F-11D3-BF4B-00C04F79EFBC}") = "WebApplication1", "WebApplication1\WebApplication1.csproj", "{B30BC4CA-D45C-454F-A2FB-B369B698E387}"
EndProject
Global
	GlobalSection(SolutionConfigurationPlatforms) = preSolution
		Debug|Any CPU = Debug|Any CPU
		Release|Any CPU = Release|Any CPU
	EndGlobalSection
	GlobalSection(ProjectConfigurationPlatforms) = postSolution
		{B30BC4CA-D45C-454F-A2FB-B369B698E387}.Debug|Any CPU.ActiveCfg = Debug|Any CPU
		{B30BC4CA-D45C-454F-A2FB-B369B698E387}.Debug|Any CPU.Build.0 = Debug|Any CPU
		{B30BC4CA-D45C-454F-A2FB-B369B698E387}.Release|Any CPU.ActiveCfg = Release|Any CPU
		{B30BC4CA-D45C-454F-A2FB-B369B698E387}.Release|Any CPU.Build.0 = Release|Any CPU
	EndGlobalSection
	GlobalSection(SolutionProperties) = preSolution
		HideSolutionNode = FALSE
	EndGlobalSection
	GlobalSection(ExtensibilityGlobals) = postSolution
		SolutionGuid = {FA1B73B4-7292-407C-9EAE-87373B11C139}
	EndGlobalSection
EndGlobal
